
Microsoft Visual Studio Solution File, Format Version 12.00
# Visual Studio 15
VisualStudioVersion = 15.0.27703.2026
MinimumVisualStudioVersion = 10.0.40219.1
Project("{FAE04EC0-301F-11D3-BF4B-00C04F79EFBC}") = "gogo", "gogo\gogo.csproj", "{2F844A44-C222-4EDE-B24A-192EA4AAE46D}"
EndProject
Global
	GlobalSection(SolutionConfigurationPlatforms) = preSolution
		Debug|Any CPU = Debug|Any CPU
		Release|Any CPU = Release|Any CPU
	EndGlobalSection
	GlobalSection(ProjectConfigurationPlatforms) = postSolution
		{2F844A44-C222-4EDE-B24A-192EA4AAE46D}.Debug|Any CPU.ActiveCfg = Debug|Any CPU
		{2F844A44-C222-4EDE-B24A-192EA4AAE46D}.Debug|Any CPU.Build.0 = Debug|Any CPU
		{2F844A44-C222-4EDE-B24A-192EA4AAE46D}.Release|Any CPU.ActiveCfg = Release|Any CPU
		{2F844A44-C222-4EDE-B24A-192EA4AAE46D}.Release|Any CPU.Build.0 = Release|Any CPU
	EndGlobalSection
	GlobalSection(SolutionProperties) = preSolution
		HideSolutionNode = FALSE
	EndGlobalSection
	GlobalSection(ExtensibilityGlobals) = postSolution
		SolutionGuid = {803279D1-ABE2-4443-9EEA-DA8AE7E298DB}
	EndGlobalSection
EndGlobal
